
Microsoft Visual Studio Solution File, Format Version 11.00
# Visual Studio Version 17

Project("{8BC9CEB8-8B4A-11D0-8D11-00A0C91BC942}") = "RaceCrusher - Standalone Plugin", "RaceCrusher_StandalonePlugin.vcxproj", "{84E0FD4D-164B-CF53-1403-F60722E5023D}"
	ProjectSection(ProjectDependencies) = postProject
		{DAEE3931-471C-D3C4-C6BC-036D9C3D3732} = {DAEE3931-471C-D3C4-C6BC-036D9C3D3732}
	EndProjectSection
EndProject
Project("{8BC9CEB8-8B4A-11D0-8D11-00A0C91BC942}") = "RaceCrusher - VST3", "RaceCrusher_VST3.vcxproj", "{B01CBCBF-338B-44C4-40CE-6B4B4B18EE16}"
	ProjectSection(ProjectDependencies) = postProject
		{DAEE3931-471C-D3C4-C6BC-036D9C3D3732} = {DAEE3931-471C-D3C4-C6BC-036D9C3D3732}
		{EE2EFA54-666E-A1A5-6666-2A0B84C6C33C} = {EE2EFA54-666E-A1A5-6666-2A0B84C6C33C}
	EndProjectSection
EndProject
Project("{8BC9CEB8-8B4A-11D0-8D11-00A0C91BC942}") = "RaceCrusher - Shared Code", "RaceCrusher_SharedCode.vcxproj", "{DAEE3931-471C-D3C4-C6BC-036D9C3D3732}"
EndProject
Project("{8BC9CEB8-8B4A-11D0-8D11-00A0C91BC942}") = "RaceCrusher - VST3 Manifest Helper", "RaceCrusher_VST3ManifestHelper.vcxproj", "{EE2EFA54-666E-A1A5-6666-2A0B84C6C33C}"
EndProject
Global
	GlobalSection(SolutionConfigurationPlatforms) = preSolution
		Debug|x64 = Debug|x64
		Release|x64 = Release|x64
	EndGlobalSection
	GlobalSection(ProjectConfigurationPlatforms) = postSolution
		{B01CBCBF-338B-44C4-40CE-6B4B4B18EE16}.Debug|x64.ActiveCfg = Debug|x64
		{B01CBCBF-338B-44C4-40CE-6B4B4B18EE16}.Debug|x64.Build.0 = Debug|x64
		{B01CBCBF-338B-44C4-40CE-6B4B4B18EE16}.Release|x64.ActiveCfg = Release|x64
		{B01CBCBF-338B-44C4-40CE-6B4B4B18EE16}.Release|x64.Build.0 = Release|x64
		{84E0FD4D-164B-CF53-1403-F60722E5023D}.Debug|x64.ActiveCfg = Debug|x64
		{84E0FD4D-164B-CF53-1403-F60722E5023D}.Debug|x64.Build.0 = Debug|x64
		{84E0FD4D-164B-CF53-1403-F60722E5023D}.Release|x64.ActiveCfg = Release|x64
		{84E0FD4D-164B-CF53-1403-F60722E5023D}.Release|x64.Build.0 = Release|x64
		{DAEE3931-471C-D3C4-C6BC-036D9C3D3732}.Debug|x64.ActiveCfg = Debug|x64
		{DAEE3931-471C-D3C4-C6BC-036D9C3D3732}.Debug|x64.Build.0 = Debug|x64
		{DAEE3931-471C-D3C4-C6BC-036D9C3D3732}.Release|x64.ActiveCfg = Release|x64
		{DAEE3931-471C-D3C4-C6BC-036D9C3D3732}.Release|x64.Build.0 = Release|x64
		{EE2EFA54-666E-A1A5-6666-2A0B84C6C33C}.Debug|x64.ActiveCfg = Debug|x64
		{EE2EFA54-666E-A1A5-6666-2A0B84C6C33C}.Debug|x64.Build.0 = Debug|x64
		{EE2EFA54-666E-A1A5-6666-2A0B84C6C33C}.Release|x64.ActiveCfg = Release|x64
		{EE2EFA54-666E-A1A5-6666-2A0B84C6C33C}.Release|x64.Build.0 = Release|x64
	EndGlobalSection
	GlobalSection(SolutionProperties) = preSolution
		HideSolutionNode = FALSE
	EndGlobalSection
EndGlobal
